github.com/faustbrian/go-circuit-breaker v1.0.0 h1:/Y9AeAwe0arONfJKhDYveBDosYK67yc21QG09WC9/DY=
github.com/faustbrian/go-circuit-breaker v1.0.0/go.mod h1:tJ8Xfrv6DG0NiGErqKERXkiBLsyNzOIZ5MZVoD36jEU=
github.com/faustbrian/go-jsonrpc v1.1.1 h1:vxUzoj5o2CvlXtQDRKbyb8aP9FXvE+j937jEWMARORc=
github.com/faustbrian/go-jsonrpc v1.1.1/go.mod h1:thOSBE3KGGNbPHY/OcreIcDPwusQ273v61n6TlmJdxE=
